
Microsoft Visual Studio Solution File, Format Version 12.00
# Visual Studio Version 17
VisualStudioVersion = 17.1.32414.318
MinimumVisualStudioVersion = 10.0.40219.1
Project("{9A19103F-16F7-4668-BE54-9A1E7A4F7556}") = "Interfaces", "CSharpIntermediate\Interfaces.csproj", "{934EA74C-A408-41E5-A186-F30673BCE281}"
EndProject
Project("{FAE04EC0-301F-11D3-BF4B-00C04F79EFBC}") = "IEnumeratorAndIEnumerable", "IEnumeratorAndIEnumerable\IEnumeratorAndIEnumerable.csproj", "{3CC95619-94F3-438E-83ED-2C59A5000019}"
EndProject
Project("{FAE04EC0-301F-11D3-BF4B-00C04F79EFBC}") = "InterfaceICloneable", "InterfaceICloneable\InterfaceICloneable.csproj", "{13D10533-F992-4D40-BE01-FADB56CAE2DB}"
EndProject
Project("{FAE04EC0-301F-11D3-BF4B-00C04F79EFBC}") = "InterfaceIComparable", "InterfaceIComparable\InterfaceIComparable.csproj", "{DCC836D7-428E-4730-9D1D-71459E7E4B1E}"
EndProject
Project("{FAE04EC0-301F-11D3-BF4B-00C04F79EFBC}") = "CallbackInterface", "CallbackInterface\CallbackInterface.csproj", "{848952FF-BDFF-4FF8-B83C-C91ECCF838D5}"
EndProject
Global
	GlobalSection(SolutionConfigurationPlatforms) = preSolution
		Debug|Any CPU = Debug|Any CPU
		Release|Any CPU = Release|Any CPU
	EndGlobalSection
	GlobalSection(ProjectConfigurationPlatforms) = postSolution
		{934EA74C-A408-41E5-A186-F30673BCE281}.Debug|Any CPU.ActiveCfg = Debug|Any CPU
		{934EA74C-A408-41E5-A186-F30673BCE281}.Debug|Any CPU.Build.0 = Debug|Any CPU
		{934EA74C-A408-41E5-A186-F30673BCE281}.Release|Any CPU.ActiveCfg = Release|Any CPU
		{934EA74C-A408-41E5-A186-F30673BCE281}.Release|Any CPU.Build.0 = Release|Any CPU
		{3CC95619-94F3-438E-83ED-2C59A5000019}.Debug|Any CPU.ActiveCfg = Debug|Any CPU
		{3CC95619-94F3-438E-83ED-2C59A5000019}.Debug|Any CPU.Build.0 = Debug|Any CPU
		{3CC95619-94F3-438E-83ED-2C59A5000019}.Release|Any CPU.ActiveCfg = Release|Any CPU
		{3CC95619-94F3-438E-83ED-2C59A5000019}.Release|Any CPU.Build.0 = Release|Any CPU
		{13D10533-F992-4D40-BE01-FADB56CAE2DB}.Debug|Any CPU.ActiveCfg = Debug|Any CPU
		{13D10533-F992-4D40-BE01-FADB56CAE2DB}.Debug|Any CPU.Build.0 = Debug|Any CPU
		{13D10533-F992-4D40-BE01-FADB56CAE2DB}.Release|Any CPU.ActiveCfg = Release|Any CPU
		{13D10533-F992-4D40-BE01-FADB56CAE2DB}.Release|Any CPU.Build.0 = Release|Any CPU
		{DCC836D7-428E-4730-9D1D-71459E7E4B1E}.Debug|Any CPU.ActiveCfg = Debug|Any CPU
		{DCC836D7-428E-4730-9D1D-71459E7E4B1E}.Debug|Any CPU.Build.0 = Debug|Any CPU
		{DCC836D7-428E-4730-9D1D-71459E7E4B1E}.Release|Any CPU.ActiveCfg = Release|Any CPU
		{DCC836D7-428E-4730-9D1D-71459E7E4B1E}.Release|Any CPU.Build.0 = Release|Any CPU
		{848952FF-BDFF-4FF8-B83C-C91ECCF838D5}.Debug|Any CPU.ActiveCfg = Debug|Any CPU
		{848952FF-BDFF-4FF8-B83C-C91ECCF838D5}.Debug|Any CPU.Build.0 = Debug|Any CPU
		{848952FF-BDFF-4FF8-B83C-C91ECCF838D5}.Release|Any CPU.ActiveCfg = Release|Any CPU
		{848952FF-BDFF-4FF8-B83C-C91ECCF838D5}.Release|Any CPU.Build.0 = Release|Any CPU
	EndGlobalSection
	GlobalSection(SolutionProperties) = preSolution
		HideSolutionNode = FALSE
	EndGlobalSection
	GlobalSection(ExtensibilityGlobals) = postSolution
		SolutionGuid = {EF3D7BAB-22D6-4CA5-85DD-12E92A8C2FD0}
	EndGlobalSection
EndGlobal
